// !$*UTF8*$!
{
	archiveVersion = 1;
	classes = {
	};
	objectVersion = 50;
	objects = {

/* Begin PBXBuildFile section */
		CB04C96B25C8E289000456FF /* TTImageView.swift in Sources */ = {isa = PBXBuildFile; fileRef = CB04C96A25C8E289000456FF /* TTImageView.swift */; };
		CB10EB7D25CBAB6400EA00B0 /* GameTilesCVC.swift in Sources */ = {isa = PBXBuildFile; fileRef = CB10EB7C25CBAB6400EA00B0 /* GameTilesCVC.swift */; };
		CB2C7C4425CCAC6D0078DC1D /* Extensions.swift in Sources */ = {isa = PBXBuildFile; fileRef = CB2C7C4325CCAC6D0078DC1D /* Extensions.swift */; };
		CB2C7C4925CCAE020078DC1D /* TTNavController.swift in Sources */ = {isa = PBXBuildFile; fileRef = CB2C7C4825CCAE020078DC1D /* TTNavController.swift */; };
		CB2C7C4E25CCCDFC0078DC1D /* GameTileCell.swift in Sources */ = {isa = PBXBuildFile; fileRef = CB2C7C4D25CCCDFC0078DC1D /* GameTileCell.swift */; };
		CB2C9A4325C4894700DAA903 /* AppDelegate.swift in Sources */ = {isa = PBXBuildFile; fileRef = CB2C9A4225C4894700DAA903 /* AppDelegate.swift */; };
		CB2C9A4525C4894700DAA903 /* SceneDelegate.swift in Sources */ = {isa = PBXBuildFile; fileRef = CB2C9A4425C4894700DAA903 /* SceneDelegate.swift */; };
		CB2C9A4725C4894700DAA903 /* MenuCVC.swift in Sources */ = {isa = PBXBuildFile; fileRef = CB2C9A4625C4894700DAA903 /* MenuCVC.swift */; };
		CB2C9A4C25C4894800DAA903 /* Assets.xcassets in Resources */ = {isa = PBXBuildFile; fileRef = CB2C9A4B25C4894800DAA903 /* Assets.xcassets */; };
		CB2C9A4F25C4894800DAA903 /* LaunchScreen.storyboard in Resources */ = {isa = PBXBuildFile; fileRef = CB2C9A4D25C4894800DAA903 /* LaunchScreen.storyboard */; };
		CB2C9A5A25C49C2000DAA903 /* Section.swift in Sources */ = {isa = PBXBuildFile; fileRef = CB2C9A5925C49C2000DAA903 /* Section.swift */; };
		CB2C9A5D25C49C8D00DAA903 /* SectionCell.swift in Sources */ = {isa = PBXBuildFile; fileRef = CB2C9A5C25C49C8D00DAA903 /* SectionCell.swift */; };
		CB6AADE225C8E666007B6273 /* TTSectionLabel.swift in Sources */ = {isa = PBXBuildFile; fileRef = CB6AADE125C8E666007B6273 /* TTSectionLabel.swift */; };
		CBC098EF25CDF54300A370DB /* Colors.xcassets in Resources */ = {isa = PBXBuildFile; fileRef = CBC098EE25CDF54200A370DB /* Colors.xcassets */; };
/* End PBXBuildFile section */

/* Begin PBXFileReference section */
		CB04C96A25C8E289000456FF /* TTImageView.swift */ = {isa = PBXFileReference; lastKnownFileType = sourcecode.swift; path = TTImageView.swift; sourceTree = "<group>"; };
		CB10EB7C25CBAB6400EA00B0 /* GameTilesCVC.swift */ = {isa = PBXFileReference; lastKnownFileType = sourcecode.swift; path = GameTilesCVC.swift; sourceTree = "<group>"; };
		CB2C7C4325CCAC6D0078DC1D /* Extensions.swift */ = {isa = PBXFileReference; lastKnownFileType = sourcecode.swift; path = Extensions.swift; sourceTree = "<group>"; };
		CB2C7C4825CCAE020078DC1D /* TTNavController.swift */ = {isa = PBXFileReference; lastKnownFileType = sourcecode.swift; path = TTNavController.swift; sourceTree = "<group>"; };
		CB2C7C4D25CCCDFC0078DC1D /* GameTileCell.swift */ = {isa = PBXFileReference; lastKnownFileType = sourcecode.swift; path = GameTileCell.swift; sourceTree = "<group>"; };
		CB2C9A3F25C4894700DAA903 /* ToddlerTiles.app */ = {isa = PBXFileReference; explicitFileType = wrapper.application; includeInIndex = 0; path = ToddlerTiles.app; sourceTree = BUILT_PRODUCTS_DIR; };
		CB2C9A4225C4894700DAA903 /* AppDelegate.swift */ = {isa = PBXFileReference; lastKnownFileType = sourcecode.swift; path = AppDelegate.swift; sourceTree = "<group>"; };
		CB2C9A4425C4894700DAA903 /* SceneDelegate.swift */ = {isa = PBXFileReference; lastKnownFileType = sourcecode.swift; path = SceneDelegate.swift; sourceTree = "<group>"; };
		CB2C9A4625C4894700DAA903 /* MenuCVC.swift */ = {isa = PBXFileReference; lastKnownFileType = sourcecode.swift; path = MenuCVC.swift; sourceTree = "<group>"; };
		CB2C9A4B25C4894800DAA903 /* Assets.xcassets */ = {isa = PBXFileReference; lastKnownFileType = folder.assetcatalog; path = Assets.xcassets; sourceTree = "<group>"; };
		CB2C9A4E25C4894800DAA903 /* Base */ = {isa = PBXFileReference; lastKnownFileType = file.storyboard; name = Base; path = Base.lproj/LaunchScreen.storyboard; sourceTree = "<group>"; };
		CB2C9A5025C4894800DAA903 /* Info.plist */ = {isa = PBXFileReference; lastKnownFileType = text.plist.xml; path = Info.plist; sourceTree = "<group>"; };
		CB2C9A5925C49C2000DAA903 /* Section.swift */ = {isa = PBXFileReference; lastKnownFileType = sourcecode.swift; path = Section.swift; sourceTree = "<group>"; };
		CB2C9A5C25C49C8D00DAA903 /* SectionCell.swift */ = {isa = PBXFileReference; lastKnownFileType = sourcecode.swift; path = SectionCell.swift; sourceTree = "<group>"; };
		CB6AADE125C8E666007B6273 /* TTSectionLabel.swift */ = {isa = PBXFileReference; lastKnownFileType = sourcecode.swift; path = TTSectionLabel.swift; sourceTree = "<group>"; };
		CBC098EE25CDF54200A370DB /* Colors.xcassets */ = {isa = PBXFileReference; lastKnownFileType = folder.assetcatalog; path = Colors.xcassets; sourceTree = "<group>"; };
/* End PBXFileReference section */

/* Begin PBXFrameworksBuildPhase section */
		CB2C9A3C25C4894700DAA903 /* Frameworks */ = {
			isa = PBXFrameworksBuildPhase;
			buildActionMask = 2147483647;
			files = (
			);
			runOnlyForDeploymentPostprocessing = 0;
		};
/* End PBXFrameworksBuildPhase section */

/* Begin PBXGroup section */
		CB04C96825C8E245000456FF /* Cells */ = {
			isa = PBXGroup;
			children = (
				CB2C9A5C25C49C8D00DAA903 /* SectionCell.swift */,
				CB2C7C4D25CCCDFC0078DC1D /* GameTileCell.swift */,
			);
			path = Cells;
			sourceTree = "<group>";
		};
		CB04C96925C8E252000456FF /* ImageViews */ = {
			isa = PBXGroup;
			children = (
				CB04C96A25C8E289000456FF /* TTImageView.swift */,
			);
			path = ImageViews;
			sourceTree = "<group>";
		};
		CB2C7C3E25CCABB70078DC1D /* Utilities */ = {
			isa = PBXGroup;
			children = (
				CB2C7C4325CCAC6D0078DC1D /* Extensions.swift */,
			);
			path = Utilities;
			sourceTree = "<group>";
		};
		CB2C7C4725CCADE10078DC1D /* NavController */ = {
			isa = PBXGroup;
			children = (
				CB2C7C4825CCAE020078DC1D /* TTNavController.swift */,
			);
			path = NavController;
			sourceTree = "<group>";
		};
		CB2C9A3625C4894700DAA903 = {
			isa = PBXGroup;
			children = (
				CB2C9A4125C4894700DAA903 /* ToddlerTiles */,
				CB2C9A4025C4894700DAA903 /* Products */,
			);
			sourceTree = "<group>";
		};
		CB2C9A4025C4894700DAA903 /* Products */ = {
			isa = PBXGroup;
			children = (
				CB2C9A3F25C4894700DAA903 /* ToddlerTiles.app */,
			);
			name = Products;
			sourceTree = "<group>";
		};
		CB2C9A4125C4894700DAA903 /* ToddlerTiles */ = {
			isa = PBXGroup;
			children = (
				CB2C7C3E25CCABB70078DC1D /* Utilities */,
				CB69697925CD009F00514FE7 /* Models */,
				CB6AADE625C8F41B007B6273 /* Custom Views */,
				CB6AADE725C8F44C007B6273 /* Screen Views */,
				CBA6C81A25CA051B0069D698 /* Support */,
				CB2C9A5025C4894800DAA903 /* Info.plist */,
			);
			path = ToddlerTiles;
			sourceTree = "<group>";
		};
		CB69697925CD009F00514FE7 /* Models */ = {
			isa = PBXGroup;
			children = (
				CB2C9A5925C49C2000DAA903 /* Section.swift */,
			);
			path = Models;
			sourceTree = "<group>";
		};
		CB6AADE025C8E646007B6273 /* Labels */ = {
			isa = PBXGroup;
			children = (
				CB6AADE125C8E666007B6273 /* TTSectionLabel.swift */,
			);
			path = Labels;
			sourceTree = "<group>";
		};
		CB6AADE625C8F41B007B6273 /* Custom Views */ = {
			isa = PBXGroup;
			children = (
				CB2C7C4725CCADE10078DC1D /* NavController */,
				CB6AADE025C8E646007B6273 /* Labels */,
				CB04C96925C8E252000456FF /* ImageViews */,
				CB04C96825C8E245000456FF /* Cells */,
			);
			path = "Custom Views";
			sourceTree = "<group>";
		};
		CB6AADE725C8F44C007B6273 /* Screen Views */ = {
			isa = PBXGroup;
			children = (
				CB2C9A4625C4894700DAA903 /* MenuCVC.swift */,
				CB10EB7C25CBAB6400EA00B0 /* GameTilesCVC.swift */,
			);
			path = "Screen Views";
			sourceTree = "<group>";
		};
		CBA6C81A25CA051B0069D698 /* Support */ = {
			isa = PBXGroup;
			children = (
				CB2C9A4225C4894700DAA903 /* AppDelegate.swift */,
				CB2C9A4425C4894700DAA903 /* SceneDelegate.swift */,
				CB2C9A4B25C4894800DAA903 /* Assets.xcassets */,
				CBC098EE25CDF54200A370DB /* Colors.xcassets */,
				CB2C9A4D25C4894800DAA903 /* LaunchScreen.storyboard */,
			);
			path = Support;
			sourceTree = "<group>";
		};
/* End PBXGroup section */

/* Begin PBXNativeTarget section */
		CB2C9A3E25C4894700DAA903 /* ToddlerTiles */ = {
			isa = PBXNativeTarget;
			buildConfigurationList = CB2C9A5325C4894800DAA903 /* Build configuration list for PBXNativeTarget "ToddlerTiles" */;
			buildPhases = (
				CB2C9A3B25C4894700DAA903 /* Sources */,
				CB2C9A3C25C4894700DAA903 /* Frameworks */,
				CB2C9A3D25C4894700DAA903 /* Resources */,
			);
			buildRules = (
			);
			dependencies = (
			);
			name = ToddlerTiles;
			productName = ToddlerTiles;
			productReference = CB2C9A3F25C4894700DAA903 /* ToddlerTiles.app */;
			productType = "com.apple.product-type.application";
		};
/* End PBXNativeTarget section */

/* Begin PBXProject section */
		CB2C9A3725C4894700DAA903 /* Project object */ = {
			isa = PBXProject;
			attributes = {
				LastSwiftUpdateCheck = 1210;
				LastUpgradeCheck = 1210;
				TargetAttributes = {
					CB2C9A3E25C4894700DAA903 = {
						CreatedOnToolsVersion = 12.1;
					};
				};
			};
			buildConfigurationList = CB2C9A3A25C4894700DAA903 /* Build configuration list for PBXProject "ToddlerTiles" */;
			compatibilityVersion = "Xcode 9.3";
			developmentRegion = en;
			hasScannedForEncodings = 0;
			knownRegions = (
				en,
				Base,
			);
			mainGroup = CB2C9A3625C4894700DAA903;
			productRefGroup = CB2C9A4025C4894700DAA903 /* Products */;
			projectDirPath = "";
			projectRoot = "";
			targets = (
				CB2C9A3E25C4894700DAA903 /* ToddlerTiles */,
			);
		};
/* End PBXProject section */

/* Begin PBXResourcesBuildPhase section */
		CB2C9A3D25C4894700DAA903 /* Resources */ = {
			isa = PBXResourcesBuildPhase;
			buildActionMask = 2147483647;
			files = (
				CBC098EF25CDF54300A370DB /* Colors.xcassets in Resources */,
				CB2C9A4F25C4894800DAA903 /* LaunchScreen.storyboard in Resources */,
				CB2C9A4C25C4894800DAA903 /* Assets.xcassets in Resources */,
			);
			runOnlyForDeploymentPostprocessing = 0;
		};
/* End PBXResourcesBuildPhase section */

/* Begin PBXSourcesBuildPhase section */
		CB2C9A3B25C4894700DAA903 /* Sources */ = {
			isa = PBXSourcesBuildPhase;
			buildActionMask = 2147483647;
			files = (
				CB04C96B25C8E289000456FF /* TTImageView.swift in Sources */,
				CB2C7C4E25CCCDFC0078DC1D /* GameTileCell.swift in Sources */,
				CB6AADE225C8E666007B6273 /* TTSectionLabel.swift in Sources */,
				CB2C7C4925CCAE020078DC1D /* TTNavController.swift in Sources */,
				CB2C9A4725C4894700DAA903 /* MenuCVC.swift in Sources */,
				CB2C9A5A25C49C2000DAA903 /* Section.swift in Sources */,
				CB10EB7D25CBAB6400EA00B0 /* GameTilesCVC.swift in Sources */,
				CB2C9A4325C4894700DAA903 /* AppDelegate.swift in Sources */,
				CB2C9A5D25C49C8D00DAA903 /* SectionCell.swift in Sources */,
				CB2C9A4525C4894700DAA903 /* SceneDelegate.swift in Sources */,
				CB2C7C4425CCAC6D0078DC1D /* Extensions.swift in Sources */,
			);
			runOnlyForDeploymentPostprocessing = 0;
		};
/* End PBXSourcesBuildPhase section */

/* Begin PBXVariantGroup section */
		CB2C9A4D25C4894800DAA903 /* LaunchScreen.storyboard */ = {
			isa = PBXVariantGroup;
			children = (
				CB2C9A4E25C4894800DAA903 /* Base */,
			);
			name = LaunchScreen.storyboard;
			sourceTree = "<group>";
		};
/* End PBXVariantGroup section */

/* Begin XCBuildConfiguration section */
		CB2C9A5125C4894800DAA903 /* Debug */ = {
			isa = XCBuildConfiguration;
			buildSettings = {
				ALWAYS_SEARCH_USER_PATHS = NO;
				CLANG_ANALYZER_NONNULL = YES;
				CLANG_ANALYZER_NUMBER_OBJECT_CONVERSION = YES_AGGRESSIVE;
				CLANG_CXX_LANGUAGE_STANDARD = "gnu++14";
				CLANG_CXX_LIBRARY = "libc++";
				CLANG_ENABLE_MODULES = YES;
				CLANG_ENABLE_OBJC_ARC = YES;
				CLANG_ENABLE_OBJC_WEAK = YES;
				CLANG_WARN_BLOCK_CAPTURE_AUTORELEASING = YES;
				CLANG_WARN_BOOL_CONVERSION = YES;
				CLANG_WARN_COMMA = YES;
				CLANG_WARN_CONSTANT_CONVERSION = YES;
				CLANG_WARN_DEPRECATED_OBJC_IMPLEMENTATIONS = YES;
				CLANG_WARN_DIRECT_OBJC_ISA_USAGE = YES_ERROR;
				CLANG_WARN_DOCUMENTATION_COMMENTS = YES;
				CLANG_WARN_EMPTY_BODY = YES;
				CLANG_WARN_ENUM_CONVERSION = YES;
				CLANG_WARN_INFINITE_RECURSION = YES;
				CLANG_WARN_INT_CONVERSION = YES;
				CLANG_WARN_NON_LITERAL_NULL_CONVERSION = YES;
				CLANG_WARN_OBJC_IMPLICIT_RETAIN_SELF = YES;
				CLANG_WARN_OBJC_LITERAL_CONVERSION = YES;
				CLANG_WARN_OBJC_ROOT_CLASS = YES_ERROR;
				CLANG_WARN_QUOTED_INCLUDE_IN_FRAMEWORK_HEADER = YES;
				CLANG_WARN_RANGE_LOOP_ANALYSIS = YES;
				CLANG_WARN_STRICT_PROTOTYPES = YES;
				CLANG_WARN_SUSPICIOUS_MOVE = YES;
				CLANG_WARN_UNGUARDED_AVAILABILITY = YES_AGGRESSIVE;
				CLANG_WARN_UNREACHABLE_CODE = YES;
				CLANG_WARN__DUPLICATE_METHOD_MATCH = YES;
				COPY_PHASE_STRIP = NO;
				DEBUG_INFORMATION_FORMAT = dwarf;
				ENABLE_STRICT_OBJC_MSGSEND = YES;
				ENABLE_TESTABILITY = YES;
				GCC_C_LANGUAGE_STANDARD = gnu11;
				GCC_DYNAMIC_NO_PIC = NO;
				GCC_NO_COMMON_BLOCKS = YES;
				GCC_OPTIMIZATION_LEVEL = 0;
				GCC_PREPROCESSOR_DEFINITIONS = (
					"DEBUG=1",
					"$(inherited)",
				);
				GCC_WARN_64_TO_32_BIT_CONVERSION = YES;
				GCC_WARN_ABOUT_RETURN_TYPE = YES_ERROR;
				GCC_WARN_UNDECLARED_SELECTOR = YES;
				GCC_WARN_UNINITIALIZED_AUTOS = YES_AGGRESSIVE;
				GCC_WARN_UNUSED_FUNCTION = YES;
				GCC_WARN_UNUSED_VARIABLE = YES;
				IPHONEOS_DEPLOYMENT_TARGET = 14.1;
				MTL_ENABLE_DEBUG_INFO = INCLUDE_SOURCE;
				MTL_FAST_MATH = YES;
				ONLY_ACTIVE_ARCH = YES;
				SDKROOT = iphoneos;
				SWIFT_ACTIVE_COMPILATION_CONDITIONS = DEBUG;
				SWIFT_OPTIMIZATION_LEVEL = "-Onone";
			};
			name = Debug;
		};
		CB2C9A5225C4894800DAA903 /* Release */ = {
			isa = XCBuildConfiguration;
			buildSettings = {
				ALWAYS_SEARCH_USER_PATHS = NO;
				CLANG_ANALYZER_NONNULL = YES;
				CLANG_ANALYZER_NUMBER_OBJECT_CONVERSION = YES_AGGRESSIVE;
				CLANG_CXX_LANGUAGE_STANDARD = "gnu++14";
				CLANG_CXX_LIBRARY = "libc++";
				CLANG_ENABLE_MODULES = YES;
				CLANG_ENABLE_OBJC_ARC = YES;
				CLANG_ENABLE_OBJC_WEAK = YES;
				CLANG_WARN_BLOCK_CAPTURE_AUTORELEASING = YES;
				CLANG_WARN_BOOL_CONVERSION = YES;
				CLANG_WARN_COMMA = YES;
				CLANG_WARN_CONSTANT_CONVERSION = YES;
				CLANG_WARN_DEPRECATED_OBJC_IMPLEMENTATIONS = YES;
				CLANG_WARN_DIRECT_OBJC_ISA_USAGE = YES_ERROR;
				CLANG_WARN_DOCUMENTATION_COMMENTS = YES;
				CLANG_WARN_EMPTY_BODY = YES;
				CLANG_WARN_ENUM_CONVERSION = YES;
				CLANG_WARN_INFINITE_RECURSION = YES;
				CLANG_WARN_INT_CONVERSION = YES;
				CLANG_WARN_NON_LITERAL_NULL_CONVERSION = YES;
				CLANG_WARN_OBJC_IMPLICIT_RETAIN_SELF = YES;
				CLANG_WARN_OBJC_LITERAL_CONVERSION = YES;
				CLANG_WARN_OBJC_ROOT_CLASS = YES_ERROR;
				CLANG_WARN_QUOTED_INCLUDE_IN_FRAMEWORK_HEADER = YES;
				CLANG_WARN_RANGE_LOOP_ANALYSIS = YES;
				CLANG_WARN_STRICT_PROTOTYPES = YES;
				CLANG_WARN_SUSPICIOUS_MOVE = YES;
				CLANG_WARN_UNGUARDED_AVAILABILITY = YES_AGGRESSIVE;
				CLANG_WARN_UNREACHABLE_CODE = YES;
				CLANG_WARN__DUPLICATE_METHOD_MATCH = YES;
				COPY_PHASE_STRIP = NO;
				DEBUG_INFORMATION_FORMAT = "dwarf-with-dsym";
				ENABLE_NS_ASSERTIONS = NO;
				ENABLE_STRICT_OBJC_MSGSEND = YES;
				GCC_C_LANGUAGE_STANDARD = gnu11;
				GCC_NO_COMMON_BLOCKS = YES;
				GCC_WARN_64_TO_32_BIT_CONVERSION = YES;
				GCC_WARN_ABOUT_RETURN_TYPE = YES_ERROR;
				GCC_WARN_UNDECLARED_SELECTOR = YES;
				GCC_WARN_UNINITIALIZED_AUTOS = YES_AGGRESSIVE;
				GCC_WARN_UNUSED_FUNCTION = YES;
				GCC_WARN_UNUSED_VARIABLE = YES;
				IPHONEOS_DEPLOYMENT_TARGET = 14.1;
				MTL_ENABLE_DEBUG_INFO = NO;
				MTL_FAST_MATH = YES;
				SDKROOT = iphoneos;
				SWIFT_COMPILATION_MODE = wholemodule;
				SWIFT_OPTIMIZATION_LEVEL = "-O";
				VALIDATE_PRODUCT = YES;
			};
			name = Release;
		};
		CB2C9A5425C4894800DAA903 /* Debug */ = {
			isa = XCBuildConfiguration;
			buildSettings = {
				ASSETCATALOG_COMPILER_APPICON_NAME = AppIcon;
				ASSETCATALOG_COMPILER_GLOBAL_ACCENT_COLOR_NAME = AccentColor;
				CODE_SIGN_STYLE = Automatic;
				DEVELOPMENT_TEAM = 2H74473MY2;
				INFOPLIST_FILE = ToddlerTiles/Info.plist;
				IPHONEOS_DEPLOYMENT_TARGET = 14.1;
				LD_RUNPATH_SEARCH_PATHS = (
					"$(inherited)",
					"@executable_path/Frameworks",
				);
				PRODUCT_BUNDLE_IDENTIFIER = com.clarissa.ToddlerTiles;
				PRODUCT_NAME = "$(TARGET_NAME)";
				SWIFT_VERSION = 5.0;
				TARGETED_DEVICE_FAMILY = "1,2";
			};
			name = Debug;
		};
		CB2C9A5525C4894800DAA903 /* Release */ = {
			isa = XCBuildConfiguration;
			buildSettings = {
				ASSETCATALOG_COMPILER_APPICON_NAME = AppIcon;
				ASSETCATALOG_COMPILER_GLOBAL_ACCENT_COLOR_NAME = AccentColor;
				CODE_SIGN_STYLE = Automatic;
				DEVELOPMENT_TEAM = 2H74473MY2;
				INFOPLIST_FILE = ToddlerTiles/Info.plist;
				IPHONEOS_DEPLOYMENT_TARGET = 14.1;
				LD_RUNPATH_SEARCH_PATHS = (
					"$(inherited)",
					"@executable_path/Frameworks",
				);
				PRODUCT_BUNDLE_IDENTIFIER = com.clarissa.ToddlerTiles;
				PRODUCT_NAME = "$(TARGET_NAME)";
				SWIFT_VERSION = 5.0;
				TARGETED_DEVICE_FAMILY = "1,2";
			};
			name = Release;
		};
/* End XCBuildConfiguration section */

/* Begin XCConfigurationList section */
		CB2C9A3A25C4894700DAA903 /* Build configuration list for PBXProject "ToddlerTiles" */ = {
			isa = XCConfigurationList;
			buildConfigurations = (
				CB2C9A5125C4894800DAA903 /* Debug */,
				CB2C9A5225C4894800DAA903 /* Release */,
			);
			defaultConfigurationIsVisible = 0;
			defaultConfigurationName = Release;
		};
		CB2C9A5325C4894800DAA903 /* Build configuration list for PBXNativeTarget "ToddlerTiles" */ = {
			isa = XCConfigurationList;
			buildConfigurations = (
				CB2C9A5425C4894800DAA903 /* Debug */,
				CB2C9A5525C4894800DAA903 /* Release */,
			);
			defaultConfigurationIsVisible = 0;
			defaultConfigurationName = Release;
		};
/* End XCConfigurationList section */
	};
	rootObject = CB2C9A3725C4894700DAA903 /* Project object */;
}
